
Microsoft Visual Studio Solution File, Format Version 11.00
# Visual Studio 2010
Project("{FAE04EC0-301F-11D3-BF4B-00C04F79EFBC}") = "GWPlanetGame", "GWPlanetGame\GWPlanetGame\GWPlanetGame.csproj", "{237C76CD-916B-4DF6-AD90-9078B19A27B4}"
EndProject
Project("{FAE04EC0-301F-11D3-BF4B-00C04F79EFBC}") = "GWPlanetGameContent", "GWPlanetGame\GWPlanetGameContent\GWPlanetGameContent.contentproj", "{816AF79C-86BE-434F-81E9-E3823381273C}"
EndProject
Project("{FAE04EC0-301F-11D3-BF4B-00C04F79EFBC}") = "Hephaestus", "Hephaestus\Hephaestus.csproj", "{A6A75F21-138F-498E-B624-78A363DE3D59}"
EndProject
Project("{FAE04EC0-301F-11D3-BF4B-00C04F79EFBC}") = "HephaestusEditor", "HephaestusEditor\HephaestusEditor.csproj", "{5047007F-76AB-4613-BB86-FD55E10E47AC}"
EndProject
Project("{96E2B04D-8817-42C6-938A-82C39BA4D311}") = "HephaestusContent", "HephaestusContent\HephaestusContent.contentproj", "{D93FEA58-6167-4192-AD37-9DD4EE0A2DA7}"
EndProject
Global
	GlobalSection(SolutionConfigurationPlatforms) = preSolution
		Debug|Any CPU = Debug|Any CPU
		Debug|x86 = Debug|x86
		Release|Any CPU = Release|Any CPU
		Release|x86 = Release|x86
	EndGlobalSection
	GlobalSection(ProjectConfigurationPlatforms) = postSolution
		{237C76CD-916B-4DF6-AD90-9078B19A27B4}.Debug|Any CPU.ActiveCfg = Debug|x86
		{237C76CD-916B-4DF6-AD90-9078B19A27B4}.Debug|x86.ActiveCfg = Debug|x86
		{237C76CD-916B-4DF6-AD90-9078B19A27B4}.Debug|x86.Build.0 = Debug|x86
		{237C76CD-916B-4DF6-AD90-9078B19A27B4}.Release|Any CPU.ActiveCfg = Release|x86
		{237C76CD-916B-4DF6-AD90-9078B19A27B4}.Release|x86.ActiveCfg = Release|x86
		{237C76CD-916B-4DF6-AD90-9078B19A27B4}.Release|x86.Build.0 = Release|x86
		{816AF79C-86BE-434F-81E9-E3823381273C}.Debug|Any CPU.ActiveCfg = Debug|x86
		{816AF79C-86BE-434F-81E9-E3823381273C}.Debug|x86.ActiveCfg = Debug|x86
		{816AF79C-86BE-434F-81E9-E3823381273C}.Release|Any CPU.ActiveCfg = Release|x86
		{816AF79C-86BE-434F-81E9-E3823381273C}.Release|x86.ActiveCfg = Release|x86
		{A6A75F21-138F-498E-B624-78A363DE3D59}.Debug|Any CPU.ActiveCfg = Debug|x86
		{A6A75F21-138F-498E-B624-78A363DE3D59}.Debug|x86.ActiveCfg = Debug|x86
		{A6A75F21-138F-498E-B624-78A363DE3D59}.Debug|x86.Build.0 = Debug|x86
		{A6A75F21-138F-498E-B624-78A363DE3D59}.Release|Any CPU.ActiveCfg = Release|x86
		{A6A75F21-138F-498E-B624-78A363DE3D59}.Release|x86.ActiveCfg = Release|x86
		{A6A75F21-138F-498E-B624-78A363DE3D59}.Release|x86.Build.0 = Release|x86
		{5047007F-76AB-4613-BB86-FD55E10E47AC}.Debug|Any CPU.ActiveCfg = Debug|x86
		{5047007F-76AB-4613-BB86-FD55E10E47AC}.Debug|x86.ActiveCfg = Debug|x86
		{5047007F-76AB-4613-BB86-FD55E10E47AC}.Debug|x86.Build.0 = Debug|x86
		{5047007F-76AB-4613-BB86-FD55E10E47AC}.Release|Any CPU.ActiveCfg = Release|x86
		{5047007F-76AB-4613-BB86-FD55E10E47AC}.Release|x86.ActiveCfg = Release|x86
		{5047007F-76AB-4613-BB86-FD55E10E47AC}.Release|x86.Build.0 = Release|x86
		{D93FEA58-6167-4192-AD37-9DD4EE0A2DA7}.Debug|Any CPU.ActiveCfg = Debug|Any CPU
		{D93FEA58-6167-4192-AD37-9DD4EE0A2DA7}.Debug|x86.ActiveCfg = Debug|Any CPU
		{D93FEA58-6167-4192-AD37-9DD4EE0A2DA7}.Release|Any CPU.ActiveCfg = Debug|Any CPU
		{D93FEA58-6167-4192-AD37-9DD4EE0A2DA7}.Release|x86.ActiveCfg = Debug|Any CPU
	EndGlobalSection
	GlobalSection(SolutionProperties) = preSolution
		HideSolutionNode = FALSE
	EndGlobalSection
EndGlobal
